
Microsoft Visual Studio Solution File, Format Version 12.00
# Visual Studio Version 17
VisualStudioVersion = 17.14.36109.1
MinimumVisualStudioVersion = 10.0.40219.1
Project("{FAE04EC0-301F-11D3-BF4B-00C04F79EFBC}") = "SCXAuctionGrabber", "SCXAuctionGrabber.csproj", "{48325EAE-DDFD-423F-B97A-F760160A7619}"
EndProject
Project("{FAE04EC0-301F-11D3-BF4B-00C04F79EFBC}") = "SCXAuctionGrabber.Host", "SCXAuctionGrabber.Host\SCXAuctionGrabber.Host.csproj", "{C46EB82E-FB40-4AF7-8AE3-7FF64D3ED343}"
EndProject
Global
	GlobalSection(SolutionConfigurationPlatforms) = preSolution
		Debug|Any CPU = Debug|Any CPU
		Release|Any CPU = Release|Any CPU
	EndGlobalSection
	GlobalSection(ProjectConfigurationPlatforms) = postSolution
		{48325EAE-DDFD-423F-B97A-F760160A7619}.Debug|Any CPU.ActiveCfg = Debug|Any CPU
		{48325EAE-DDFD-423F-B97A-F760160A7619}.Debug|Any CPU.Build.0 = Debug|Any CPU
		{48325EAE-DDFD-423F-B97A-F760160A7619}.Release|Any CPU.ActiveCfg = Release|Any CPU
		{48325EAE-DDFD-423F-B97A-F760160A7619}.Release|Any CPU.Build.0 = Release|Any CPU
		{C46EB82E-FB40-4AF7-8AE3-7FF64D3ED343}.Debug|Any CPU.ActiveCfg = Debug|Any CPU
		{C46EB82E-FB40-4AF7-8AE3-7FF64D3ED343}.Debug|Any CPU.Build.0 = Debug|Any CPU
		{C46EB82E-FB40-4AF7-8AE3-7FF64D3ED343}.Release|Any CPU.ActiveCfg = Release|Any CPU
		{C46EB82E-FB40-4AF7-8AE3-7FF64D3ED343}.Release|Any CPU.Build.0 = Release|Any CPU
	EndGlobalSection
	GlobalSection(SolutionProperties) = preSolution
		HideSolutionNode = FALSE
	EndGlobalSection
	GlobalSection(ExtensibilityGlobals) = postSolution
		SolutionGuid = {1DE45653-6ED2-411E-8182-C68A4033337A}
	EndGlobalSection
EndGlobal
